
Microsoft Visual Studio Solution File, Format Version 12.00
# Visual Studio Version 16
VisualStudioVersion = 16.0.31729.503
MinimumVisualStudioVersion = 10.0.40219.1
Project("{9A19103F-16F7-4668-BE54-9A1E7A4F7556}") = "Games.BL", "Games.BL\Games.BL.csproj", "{24C396F3-3C16-49A5-BB59-5469D64607F7}"
EndProject
Project("{9A19103F-16F7-4668-BE54-9A1E7A4F7556}") = "Games.DAL", "Games.DAL\Games.DAL.csproj", "{47376BEE-A0EB-4EBA-80E0-C5994EA91981}"
EndProject
Project("{FAE04EC0-301F-11D3-BF4B-00C04F79EFBC}") = "Games.WEB", "Games.WEB\Games.WEB.csproj", "{8B6A579C-F258-4D2B-AC0C-FE2ABC53CBA0}"
	ProjectSection(ProjectDependencies) = postProject
		{47376BEE-A0EB-4EBA-80E0-C5994EA91981} = {47376BEE-A0EB-4EBA-80E0-C5994EA91981}
	EndProjectSection
EndProject
Global
	GlobalSection(SolutionConfigurationPlatforms) = preSolution
		Debug|Any CPU = Debug|Any CPU
		Release|Any CPU = Release|Any CPU
	EndGlobalSection
	GlobalSection(ProjectConfigurationPlatforms) = postSolution
		{24C396F3-3C16-49A5-BB59-5469D64607F7}.Debug|Any CPU.ActiveCfg = Debug|Any CPU
		{24C396F3-3C16-49A5-BB59-5469D64607F7}.Debug|Any CPU.Build.0 = Debug|Any CPU
		{24C396F3-3C16-49A5-BB59-5469D64607F7}.Release|Any CPU.ActiveCfg = Release|Any CPU
		{24C396F3-3C16-49A5-BB59-5469D64607F7}.Release|Any CPU.Build.0 = Release|Any CPU
		{47376BEE-A0EB-4EBA-80E0-C5994EA91981}.Debug|Any CPU.ActiveCfg = Debug|Any CPU
		{47376BEE-A0EB-4EBA-80E0-C5994EA91981}.Debug|Any CPU.Build.0 = Debug|Any CPU
		{47376BEE-A0EB-4EBA-80E0-C5994EA91981}.Release|Any CPU.ActiveCfg = Release|Any CPU
		{47376BEE-A0EB-4EBA-80E0-C5994EA91981}.Release|Any CPU.Build.0 = Release|Any CPU
		{8B6A579C-F258-4D2B-AC0C-FE2ABC53CBA0}.Debug|Any CPU.ActiveCfg = Debug|Any CPU
		{8B6A579C-F258-4D2B-AC0C-FE2ABC53CBA0}.Debug|Any CPU.Build.0 = Debug|Any CPU
		{8B6A579C-F258-4D2B-AC0C-FE2ABC53CBA0}.Release|Any CPU.ActiveCfg = Release|Any CPU
		{8B6A579C-F258-4D2B-AC0C-FE2ABC53CBA0}.Release|Any CPU.Build.0 = Release|Any CPU
	EndGlobalSection
	GlobalSection(SolutionProperties) = preSolution
		HideSolutionNode = FALSE
	EndGlobalSection
	GlobalSection(ExtensibilityGlobals) = postSolution
		SolutionGuid = {28EB21BD-BD73-4445-8500-C0AE5540F659}
	EndGlobalSection
EndGlobal
